
Microsoft Visual Studio Solution File, Format Version 12.00
# Visual Studio Version 17
VisualStudioVersion = 17.7.34031.279
MinimumVisualStudioVersion = 10.0.40219.1
Project("{FAE04EC0-301F-11D3-BF4B-00C04F79EFBC}") = "WebApplication1", "WebApplication1\WebApplication1.csproj", "{905F5607-9217-4DD6-8DDC-B5046E4745DA}"
EndProject
Global
	GlobalSection(SolutionConfigurationPlatforms) = preSolution
		Debug|Any CPU = Debug|Any CPU
		Release|Any CPU = Release|Any CPU
	EndGlobalSection
	GlobalSection(ProjectConfigurationPlatforms) = postSolution
		{905F5607-9217-4DD6-8DDC-B5046E4745DA}.Debug|Any CPU.ActiveCfg = Debug|Any CPU
		{905F5607-9217-4DD6-8DDC-B5046E4745DA}.Debug|Any CPU.Build.0 = Debug|Any CPU
		{905F5607-9217-4DD6-8DDC-B5046E4745DA}.Release|Any CPU.ActiveCfg = Release|Any CPU
		{905F5607-9217-4DD6-8DDC-B5046E4745DA}.Release|Any CPU.Build.0 = Release|Any CPU
	EndGlobalSection
	GlobalSection(SolutionProperties) = preSolution
		HideSolutionNode = FALSE
	EndGlobalSection
	GlobalSection(ExtensibilityGlobals) = postSolution
		SolutionGuid = {B2A20752-95BF-4CDD-A0E5-8EADC94AA121}
	EndGlobalSection
EndGlobal
